
Microsoft Visual Studio Solution File, Format Version 12.00
# Visual Studio Version 17
VisualStudioVersion = 17.14.37628.2 d17.14
MinimumVisualStudioVersion = 10.0.40219.1
Project("{FAE04EC0-301F-11D3-BF4B-00C04F79EFBC}") = "The codebreakers - The Vault", "The codebreakers - The Vault.csproj", "{1F2DE41D-6858-4963-839A-BE201F6CDD22}"
EndProject
Global
	GlobalSection(SolutionConfigurationPlatforms) = preSolution
		Debug|Any CPU = Debug|Any CPU
		Release|Any CPU = Release|Any CPU
	EndGlobalSection
	GlobalSection(ProjectConfigurationPlatforms) = postSolution
		{1F2DE41D-6858-4963-839A-BE201F6CDD22}.Debug|Any CPU.ActiveCfg = Debug|Any CPU
		{1F2DE41D-6858-4963-839A-BE201F6CDD22}.Debug|Any CPU.Build.0 = Debug|Any CPU
		{1F2DE41D-6858-4963-839A-BE201F6CDD22}.Release|Any CPU.ActiveCfg = Release|Any CPU
		{1F2DE41D-6858-4963-839A-BE201F6CDD22}.Release|Any CPU.Build.0 = Release|Any CPU
	EndGlobalSection
	GlobalSection(SolutionProperties) = preSolution
		HideSolutionNode = FALSE
	EndGlobalSection
	GlobalSection(ExtensibilityGlobals) = postSolution
		SolutionGuid = {26AAC367-5C9D-4F70-83EC-B56FB3305542}
	EndGlobalSection
EndGlobal
